
Microsoft Visual Studio Solution File, Format Version 12.00
# Visual Studio Version 16
VisualStudioVersion = 16.0.32228.343
MinimumVisualStudioVersion = 10.0.40219.1
Project("{FAE04EC0-301F-11D3-BF4B-00C04F79EFBC}") = "LaptopStore", "LaptopStore\LaptopStore.csproj", "{015D3645-0D97-446E-BA91-5DC9CC7EB7CE}"
EndProject
Project("{FAE04EC0-301F-11D3-BF4B-00C04F79EFBC}") = "Model", "Model\Model.csproj", "{B84CFD5B-14C1-4899-A9A7-E37BB9C45443}"
EndProject
Global
	GlobalSection(SolutionConfigurationPlatforms) = preSolution
		Debug|Any CPU = Debug|Any CPU
		Release|Any CPU = Release|Any CPU
	EndGlobalSection
	GlobalSection(ProjectConfigurationPlatforms) = postSolution
		{015D3645-0D97-446E-BA91-5DC9CC7EB7CE}.Debug|Any CPU.ActiveCfg = Debug|Any CPU
		{015D3645-0D97-446E-BA91-5DC9CC7EB7CE}.Debug|Any CPU.Build.0 = Debug|Any CPU
		{015D3645-0D97-446E-BA91-5DC9CC7EB7CE}.Release|Any CPU.ActiveCfg = Release|Any CPU
		{015D3645-0D97-446E-BA91-5DC9CC7EB7CE}.Release|Any CPU.Build.0 = Release|Any CPU
		{B84CFD5B-14C1-4899-A9A7-E37BB9C45443}.Debug|Any CPU.ActiveCfg = Debug|Any CPU
		{B84CFD5B-14C1-4899-A9A7-E37BB9C45443}.Debug|Any CPU.Build.0 = Debug|Any CPU
		{B84CFD5B-14C1-4899-A9A7-E37BB9C45443}.Release|Any CPU.ActiveCfg = Release|Any CPU
		{B84CFD5B-14C1-4899-A9A7-E37BB9C45443}.Release|Any CPU.Build.0 = Release|Any CPU
	EndGlobalSection
	GlobalSection(SolutionProperties) = preSolution
		HideSolutionNode = FALSE
	EndGlobalSection
	GlobalSection(ExtensibilityGlobals) = postSolution
		SolutionGuid = {2C8C7DC7-AC30-4FA3-BF2F-7C3F4FCFB81E}
	EndGlobalSection
EndGlobal
