
Microsoft Visual Studio Solution File, Format Version 12.00
# Visual Studio Version 16
VisualStudioVersion = 16.0.30413.136
MinimumVisualStudioVersion = 10.0.40219.1
Project("{FAE04EC0-301F-11D3-BF4B-00C04F79EFBC}") = "LaptopStore", "LaptopStore\LaptopStore.csproj", "{D765B41E-F433-4836-B73E-A049AA308DC0}"
EndProject
Global
	GlobalSection(SolutionConfigurationPlatforms) = preSolution
		Debug|Any CPU = Debug|Any CPU
		Release|Any CPU = Release|Any CPU
	EndGlobalSection
	GlobalSection(ProjectConfigurationPlatforms) = postSolution
		{D765B41E-F433-4836-B73E-A049AA308DC0}.Debug|Any CPU.ActiveCfg = Debug|Any CPU
		{D765B41E-F433-4836-B73E-A049AA308DC0}.Debug|Any CPU.Build.0 = Debug|Any CPU
		{D765B41E-F433-4836-B73E-A049AA308DC0}.Release|Any CPU.ActiveCfg = Release|Any CPU
		{D765B41E-F433-4836-B73E-A049AA308DC0}.Release|Any CPU.Build.0 = Release|Any CPU
	EndGlobalSection
	GlobalSection(SolutionProperties) = preSolution
		HideSolutionNode = FALSE
	EndGlobalSection
	GlobalSection(ExtensibilityGlobals) = postSolution
		SolutionGuid = {6CAA4EDC-C6C2-4E4C-8703-5FAC38866A1F}
	EndGlobalSection
EndGlobal
